// !$*UTF8*$!
{
	archiveVersion = 1;
	classes = {
	};
	objectVersion = 56;
	objects = {

/* Begin PBXBuildFile section */
		884794322A3063C600B636E4 /* TaskListTableViewController.swift in Sources */ = {isa = PBXBuildFile; fileRef = 884794312A3063C600B636E4 /* TaskListTableViewController.swift */; };
		884794342A3063DB00B636E4 /* TasksTableViewController.swift in Sources */ = {isa = PBXBuildFile; fileRef = 884794332A3063DB00B636E4 /* TasksTableViewController.swift */; };
		884794372A30643500B636E4 /* AlertControllerBuilder.swift in Sources */ = {isa = PBXBuildFile; fileRef = 884794362A30643500B636E4 /* AlertControllerBuilder.swift */; };
		884794392A30644800B636E4 /* TaskList.swift in Sources */ = {isa = PBXBuildFile; fileRef = 884794382A30644800B636E4 /* TaskList.swift */; };
		8847943B2A30646300B636E4 /* DataManager.swift in Sources */ = {isa = PBXBuildFile; fileRef = 8847943A2A30646300B636E4 /* DataManager.swift */; };
		8847943D2A30647E00B636E4 /* StorageManager.swift in Sources */ = {isa = PBXBuildFile; fileRef = 8847943C2A30647E00B636E4 /* StorageManager.swift */; };
		88C648042A2EEFB3009B73AB /* AppDelegate.swift in Sources */ = {isa = PBXBuildFile; fileRef = 88C648032A2EEFB3009B73AB /* AppDelegate.swift */; };
		88C648062A2EEFB3009B73AB /* SceneDelegate.swift in Sources */ = {isa = PBXBuildFile; fileRef = 88C648052A2EEFB3009B73AB /* SceneDelegate.swift */; };
		88C6480B2A2EEFB3009B73AB /* Main.storyboard in Resources */ = {isa = PBXBuildFile; fileRef = 88C648092A2EEFB3009B73AB /* Main.storyboard */; };
		88C6480D2A2EEFB4009B73AB /* Assets.xcassets in Resources */ = {isa = PBXBuildFile; fileRef = 88C6480C2A2EEFB4009B73AB /* Assets.xcassets */; };
		88C648102A2EEFB4009B73AB /* LaunchScreen.storyboard in Resources */ = {isa = PBXBuildFile; fileRef = 88C6480E2A2EEFB4009B73AB /* LaunchScreen.storyboard */; };
/* End PBXBuildFile section */

/* Begin PBXFileReference section */
		884794312A3063C600B636E4 /* TaskListTableViewController.swift */ = {isa = PBXFileReference; lastKnownFileType = sourcecode.swift; path = TaskListTableViewController.swift; sourceTree = "<group>"; };
		884794332A3063DB00B636E4 /* TasksTableViewController.swift */ = {isa = PBXFileReference; lastKnownFileType = sourcecode.swift; path = TasksTableViewController.swift; sourceTree = "<group>"; };
		884794362A30643500B636E4 /* AlertControllerBuilder.swift */ = {isa = PBXFileReference; lastKnownFileType = sourcecode.swift; path = AlertControllerBuilder.swift; sourceTree = "<group>"; };
		884794382A30644800B636E4 /* TaskList.swift */ = {isa = PBXFileReference; lastKnownFileType = sourcecode.swift; path = TaskList.swift; sourceTree = "<group>"; };
		8847943A2A30646300B636E4 /* DataManager.swift */ = {isa = PBXFileReference; lastKnownFileType = sourcecode.swift; path = DataManager.swift; sourceTree = "<group>"; };
		8847943C2A30647E00B636E4 /* StorageManager.swift */ = {isa = PBXFileReference; lastKnownFileType = sourcecode.swift; path = StorageManager.swift; sourceTree = "<group>"; };
		88C648002A2EEFB3009B73AB /* ToDoList_Realm.app */ = {isa = PBXFileReference; explicitFileType = wrapper.application; includeInIndex = 0; path = ToDoList_Realm.app; sourceTree = BUILT_PRODUCTS_DIR; };
		88C648032A2EEFB3009B73AB /* AppDelegate.swift */ = {isa = PBXFileReference; lastKnownFileType = sourcecode.swift; path = AppDelegate.swift; sourceTree = "<group>"; };
		88C648052A2EEFB3009B73AB /* SceneDelegate.swift */ = {isa = PBXFileReference; lastKnownFileType = sourcecode.swift; path = SceneDelegate.swift; sourceTree = "<group>"; };
		88C6480A2A2EEFB3009B73AB /* Base */ = {isa = PBXFileReference; lastKnownFileType = file.storyboard; name = Base; path = Base.lproj/Main.storyboard; sourceTree = "<group>"; };
		88C6480C2A2EEFB4009B73AB /* Assets.xcassets */ = {isa = PBXFileReference; lastKnownFileType = folder.assetcatalog; path = Assets.xcassets; sourceTree = "<group>"; };
		88C6480F2A2EEFB4009B73AB /* Base */ = {isa = PBXFileReference; lastKnownFileType = file.storyboard; name = Base; path = Base.lproj/LaunchScreen.storyboard; sourceTree = "<group>"; };
		88C648112A2EEFB4009B73AB /* Info.plist */ = {isa = PBXFileReference; lastKnownFileType = text.plist.xml; path = Info.plist; sourceTree = "<group>"; };
/* End PBXFileReference section */

/* Begin PBXFrameworksBuildPhase section */
		88C647FD2A2EEFB3009B73AB /* Frameworks */ = {
			isa = PBXFrameworksBuildPhase;
			buildActionMask = 2147483647;
			files = (
			);
			runOnlyForDeploymentPostprocessing = 0;
		};
/* End PBXFrameworksBuildPhase section */

/* Begin PBXGroup section */
		884794352A30640700B636E4 /* Factories */ = {
			isa = PBXGroup;
			children = (
				884794362A30643500B636E4 /* AlertControllerBuilder.swift */,
			);
			path = Factories;
			sourceTree = "<group>";
		};
		88C647F72A2EEFB3009B73AB = {
			isa = PBXGroup;
			children = (
				88C648022A2EEFB3009B73AB /* ToDoList_Realm */,
				88C648012A2EEFB3009B73AB /* Products */,
			);
			sourceTree = "<group>";
		};
		88C648012A2EEFB3009B73AB /* Products */ = {
			isa = PBXGroup;
			children = (
				88C648002A2EEFB3009B73AB /* ToDoList_Realm.app */,
			);
			name = Products;
			sourceTree = "<group>";
		};
		88C648022A2EEFB3009B73AB /* ToDoList_Realm */ = {
			isa = PBXGroup;
			children = (
				884794352A30640700B636E4 /* Factories */,
				88D4F74E2A30627300880128 /* ViewControllers */,
				88D4F7512A3062B400880128 /* Services */,
				88D4F7502A3062A800880128 /* Models */,
				88D4F74D2A30625700880128 /* Views */,
				88D4F74F2A30629500880128 /* App */,
				88D4F7522A3062C000880128 /* Resurces */,
			);
			path = ToDoList_Realm;
			sourceTree = "<group>";
		};
		88D4F74D2A30625700880128 /* Views */ = {
			isa = PBXGroup;
			children = (
				88C648092A2EEFB3009B73AB /* Main.storyboard */,
				88C6480E2A2EEFB4009B73AB /* LaunchScreen.storyboard */,
			);
			path = Views;
			sourceTree = "<group>";
		};
		88D4F74E2A30627300880128 /* ViewControllers */ = {
			isa = PBXGroup;
			children = (
				884794312A3063C600B636E4 /* TaskListTableViewController.swift */,
				884794332A3063DB00B636E4 /* TasksTableViewController.swift */,
			);
			path = ViewControllers;
			sourceTree = "<group>";
		};
		88D4F74F2A30629500880128 /* App */ = {
			isa = PBXGroup;
			children = (
				88C648032A2EEFB3009B73AB /* AppDelegate.swift */,
				88C648052A2EEFB3009B73AB /* SceneDelegate.swift */,
				88C648112A2EEFB4009B73AB /* Info.plist */,
			);
			path = App;
			sourceTree = "<group>";
		};
		88D4F7502A3062A800880128 /* Models */ = {
			isa = PBXGroup;
			children = (
				884794382A30644800B636E4 /* TaskList.swift */,
			);
			path = Models;
			sourceTree = "<group>";
		};
		88D4F7512A3062B400880128 /* Services */ = {
			isa = PBXGroup;
			children = (
				8847943A2A30646300B636E4 /* DataManager.swift */,
				8847943C2A30647E00B636E4 /* StorageManager.swift */,
			);
			path = Services;
			sourceTree = "<group>";
		};
		88D4F7522A3062C000880128 /* Resurces */ = {
			isa = PBXGroup;
			children = (
				88C6480C2A2EEFB4009B73AB /* Assets.xcassets */,
			);
			path = Resurces;
			sourceTree = "<group>";
		};
/* End PBXGroup section */

/* Begin PBXNativeTarget section */
		88C647FF2A2EEFB3009B73AB /* ToDoList_Realm */ = {
			isa = PBXNativeTarget;
			buildConfigurationList = 88C648142A2EEFB4009B73AB /* Build configuration list for PBXNativeTarget "ToDoList_Realm" */;
			buildPhases = (
				88C647FC2A2EEFB3009B73AB /* Sources */,
				88C647FD2A2EEFB3009B73AB /* Frameworks */,
				88C647FE2A2EEFB3009B73AB /* Resources */,
			);
			buildRules = (
			);
			dependencies = (
			);
			name = ToDoList_Realm;
			productName = ToDoList_Realm;
			productReference = 88C648002A2EEFB3009B73AB /* ToDoList_Realm.app */;
			productType = "com.apple.product-type.application";
		};
/* End PBXNativeTarget section */

/* Begin PBXProject section */
		88C647F82A2EEFB3009B73AB /* Project object */ = {
			isa = PBXProject;
			attributes = {
				BuildIndependentTargetsInParallel = 1;
				LastSwiftUpdateCheck = 1430;
				LastUpgradeCheck = 1430;
				TargetAttributes = {
					88C647FF2A2EEFB3009B73AB = {
						CreatedOnToolsVersion = 14.3.1;
					};
				};
			};
			buildConfigurationList = 88C647FB2A2EEFB3009B73AB /* Build configuration list for PBXProject "ToDoList_Realm" */;
			compatibilityVersion = "Xcode 14.0";
			developmentRegion = en;
			hasScannedForEncodings = 0;
			knownRegions = (
				en,
				Base,
			);
			mainGroup = 88C647F72A2EEFB3009B73AB;
			productRefGroup = 88C648012A2EEFB3009B73AB /* Products */;
			projectDirPath = "";
			projectRoot = "";
			targets = (
				88C647FF2A2EEFB3009B73AB /* ToDoList_Realm */,
			);
		};
/* End PBXProject section */

/* Begin PBXResourcesBuildPhase section */
		88C647FE2A2EEFB3009B73AB /* Resources */ = {
			isa = PBXResourcesBuildPhase;
			buildActionMask = 2147483647;
			files = (
				88C648102A2EEFB4009B73AB /* LaunchScreen.storyboard in Resources */,
				88C6480D2A2EEFB4009B73AB /* Assets.xcassets in Resources */,
				88C6480B2A2EEFB3009B73AB /* Main.storyboard in Resources */,
			);
			runOnlyForDeploymentPostprocessing = 0;
		};
/* End PBXResourcesBuildPhase section */

/* Begin PBXSourcesBuildPhase section */
		88C647FC2A2EEFB3009B73AB /* Sources */ = {
			isa = PBXSourcesBuildPhase;
			buildActionMask = 2147483647;
			files = (
				884794392A30644800B636E4 /* TaskList.swift in Sources */,
				884794372A30643500B636E4 /* AlertControllerBuilder.swift in Sources */,
				88C648042A2EEFB3009B73AB /* AppDelegate.swift in Sources */,
				8847943B2A30646300B636E4 /* DataManager.swift in Sources */,
				884794322A3063C600B636E4 /* TaskListTableViewController.swift in Sources */,
				884794342A3063DB00B636E4 /* TasksTableViewController.swift in Sources */,
				88C648062A2EEFB3009B73AB /* SceneDelegate.swift in Sources */,
				8847943D2A30647E00B636E4 /* StorageManager.swift in Sources */,
			);
			runOnlyForDeploymentPostprocessing = 0;
		};
/* End PBXSourcesBuildPhase section */

/* Begin PBXVariantGroup section */
		88C648092A2EEFB3009B73AB /* Main.storyboard */ = {
			isa = PBXVariantGroup;
			children = (
				88C6480A2A2EEFB3009B73AB /* Base */,
			);
			name = Main.storyboard;
			sourceTree = "<group>";
		};
		88C6480E2A2EEFB4009B73AB /* LaunchScreen.storyboard */ = {
			isa = PBXVariantGroup;
			children = (
				88C6480F2A2EEFB4009B73AB /* Base */,
			);
			name = LaunchScreen.storyboard;
			sourceTree = "<group>";
		};
/* End PBXVariantGroup section */

/* Begin XCBuildConfiguration section */
		88C648122A2EEFB4009B73AB /* Debug */ = {
			isa = XCBuildConfiguration;
			buildSettings = {
				ALWAYS_SEARCH_USER_PATHS = NO;
				CLANG_ANALYZER_NONNULL = YES;
				CLANG_ANALYZER_NUMBER_OBJECT_CONVERSION = YES_AGGRESSIVE;
				CLANG_CXX_LANGUAGE_STANDARD = "gnu++20";
				CLANG_ENABLE_MODULES = YES;
				CLANG_ENABLE_OBJC_ARC = YES;
				CLANG_ENABLE_OBJC_WEAK = YES;
				CLANG_WARN_BLOCK_CAPTURE_AUTORELEASING = YES;
				CLANG_WARN_BOOL_CONVERSION = YES;
				CLANG_WARN_COMMA = YES;
				CLANG_WARN_CONSTANT_CONVERSION = YES;
				CLANG_WARN_DEPRECATED_OBJC_IMPLEMENTATIONS = YES;
				CLANG_WARN_DIRECT_OBJC_ISA_USAGE = YES_ERROR;
				CLANG_WARN_DOCUMENTATION_COMMENTS = YES;
				CLANG_WARN_EMPTY_BODY = YES;
				CLANG_WARN_ENUM_CONVERSION = YES;
				CLANG_WARN_INFINITE_RECURSION = YES;
				CLANG_WARN_INT_CONVERSION = YES;
				CLANG_WARN_NON_LITERAL_NULL_CONVERSION = YES;
				CLANG_WARN_OBJC_IMPLICIT_RETAIN_SELF = YES;
				CLANG_WARN_OBJC_LITERAL_CONVERSION = YES;
				CLANG_WARN_OBJC_ROOT_CLASS = YES_ERROR;
				CLANG_WARN_QUOTED_INCLUDE_IN_FRAMEWORK_HEADER = YES;
				CLANG_WARN_RANGE_LOOP_ANALYSIS = YES;
				CLANG_WARN_STRICT_PROTOTYPES = YES;
				CLANG_WARN_SUSPICIOUS_MOVE = YES;
				CLANG_WARN_UNGUARDED_AVAILABILITY = YES_AGGRESSIVE;
				CLANG_WARN_UNREACHABLE_CODE = YES;
				CLANG_WARN__DUPLICATE_METHOD_MATCH = YES;
				COPY_PHASE_STRIP = NO;
				DEBUG_INFORMATION_FORMAT = dwarf;
				ENABLE_STRICT_OBJC_MSGSEND = YES;
				ENABLE_TESTABILITY = YES;
				GCC_C_LANGUAGE_STANDARD = gnu11;
				GCC_DYNAMIC_NO_PIC = NO;
				GCC_NO_COMMON_BLOCKS = YES;
				GCC_OPTIMIZATION_LEVEL = 0;
				GCC_PREPROCESSOR_DEFINITIONS = (
					"DEBUG=1",
					"$(inherited)",
				);
				GCC_WARN_64_TO_32_BIT_CONVERSION = YES;
				GCC_WARN_ABOUT_RETURN_TYPE = YES_ERROR;
				GCC_WARN_UNDECLARED_SELECTOR = YES;
				GCC_WARN_UNINITIALIZED_AUTOS = YES_AGGRESSIVE;
				GCC_WARN_UNUSED_FUNCTION = YES;
				GCC_WARN_UNUSED_VARIABLE = YES;
				IPHONEOS_DEPLOYMENT_TARGET = 16.4;
				MTL_ENABLE_DEBUG_INFO = INCLUDE_SOURCE;
				MTL_FAST_MATH = YES;
				ONLY_ACTIVE_ARCH = YES;
				SDKROOT = iphoneos;
				SWIFT_ACTIVE_COMPILATION_CONDITIONS = DEBUG;
				SWIFT_OPTIMIZATION_LEVEL = "-Onone";
			};
			name = Debug;
		};
		88C648132A2EEFB4009B73AB /* Release */ = {
			isa = XCBuildConfiguration;
			buildSettings = {
				ALWAYS_SEARCH_USER_PATHS = NO;
				CLANG_ANALYZER_NONNULL = YES;
				CLANG_ANALYZER_NUMBER_OBJECT_CONVERSION = YES_AGGRESSIVE;
				CLANG_CXX_LANGUAGE_STANDARD = "gnu++20";
				CLANG_ENABLE_MODULES = YES;
				CLANG_ENABLE_OBJC_ARC = YES;
				CLANG_ENABLE_OBJC_WEAK = YES;
				CLANG_WARN_BLOCK_CAPTURE_AUTORELEASING = YES;
				CLANG_WARN_BOOL_CONVERSION = YES;
				CLANG_WARN_COMMA = YES;
				CLANG_WARN_CONSTANT_CONVERSION = YES;
				CLANG_WARN_DEPRECATED_OBJC_IMPLEMENTATIONS = YES;
				CLANG_WARN_DIRECT_OBJC_ISA_USAGE = YES_ERROR;
				CLANG_WARN_DOCUMENTATION_COMMENTS = YES;
				CLANG_WARN_EMPTY_BODY = YES;
				CLANG_WARN_ENUM_CONVERSION = YES;
				CLANG_WARN_INFINITE_RECURSION = YES;
				CLANG_WARN_INT_CONVERSION = YES;
				CLANG_WARN_NON_LITERAL_NULL_CONVERSION = YES;
				CLANG_WARN_OBJC_IMPLICIT_RETAIN_SELF = YES;
				CLANG_WARN_OBJC_LITERAL_CONVERSION = YES;
				CLANG_WARN_OBJC_ROOT_CLASS = YES_ERROR;
				CLANG_WARN_QUOTED_INCLUDE_IN_FRAMEWORK_HEADER = YES;
				CLANG_WARN_RANGE_LOOP_ANALYSIS = YES;
				CLANG_WARN_STRICT_PROTOTYPES = YES;
				CLANG_WARN_SUSPICIOUS_MOVE = YES;
				CLANG_WARN_UNGUARDED_AVAILABILITY = YES_AGGRESSIVE;
				CLANG_WARN_UNREACHABLE_CODE = YES;
				CLANG_WARN__DUPLICATE_METHOD_MATCH = YES;
				COPY_PHASE_STRIP = NO;
				DEBUG_INFORMATION_FORMAT = "dwarf-with-dsym";
				ENABLE_NS_ASSERTIONS = NO;
				ENABLE_STRICT_OBJC_MSGSEND = YES;
				GCC_C_LANGUAGE_STANDARD = gnu11;
				GCC_NO_COMMON_BLOCKS = YES;
				GCC_WARN_64_TO_32_BIT_CONVERSION = YES;
				GCC_WARN_ABOUT_RETURN_TYPE = YES_ERROR;
				GCC_WARN_UNDECLARED_SELECTOR = YES;
				GCC_WARN_UNINITIALIZED_AUTOS = YES_AGGRESSIVE;
				GCC_WARN_UNUSED_FUNCTION = YES;
				GCC_WARN_UNUSED_VARIABLE = YES;
				IPHONEOS_DEPLOYMENT_TARGET = 16.4;
				MTL_ENABLE_DEBUG_INFO = NO;
				MTL_FAST_MATH = YES;
				SDKROOT = iphoneos;
				SWIFT_COMPILATION_MODE = wholemodule;
				SWIFT_OPTIMIZATION_LEVEL = "-O";
				VALIDATE_PRODUCT = YES;
			};
			name = Release;
		};
		88C648152A2EEFB4009B73AB /* Debug */ = {
			isa = XCBuildConfiguration;
			buildSettings = {
				ASSETCATALOG_COMPILER_APPICON_NAME = AppIcon;
				ASSETCATALOG_COMPILER_GLOBAL_ACCENT_COLOR_NAME = AccentColor;
				CODE_SIGN_STYLE = Automatic;
				CURRENT_PROJECT_VERSION = 1;
				DEVELOPMENT_TEAM = K4NPPTUJ49;
				GENERATE_INFOPLIST_FILE = YES;
				INFOPLIST_FILE = ToDoList_Realm/App/Info.plist;
				INFOPLIST_KEY_UIApplicationSupportsIndirectInputEvents = YES;
				INFOPLIST_KEY_UILaunchStoryboardName = LaunchScreen;
				INFOPLIST_KEY_UIMainStoryboardFile = Main;
				INFOPLIST_KEY_UISupportedInterfaceOrientations = UIInterfaceOrientationPortrait;
				INFOPLIST_KEY_UISupportedInterfaceOrientations_iPad = "UIInterfaceOrientationLandscapeLeft UIInterfaceOrientationLandscapeRight UIInterfaceOrientationPortrait UIInterfaceOrientationPortraitUpsideDown";
				LD_RUNPATH_SEARCH_PATHS = (
					"$(inherited)",
					"@executable_path/Frameworks",
				);
				MARKETING_VERSION = 1.0;
				PRODUCT_BUNDLE_IDENTIFIER = "latushkin.as.ToDoList-Realm";
				PRODUCT_NAME = "$(TARGET_NAME)";
				SUPPORTED_PLATFORMS = "iphoneos iphonesimulator";
				SUPPORTS_MACCATALYST = NO;
				SUPPORTS_MAC_DESIGNED_FOR_IPHONE_IPAD = NO;
				SWIFT_EMIT_LOC_STRINGS = YES;
				SWIFT_VERSION = 5.0;
				TARGETED_DEVICE_FAMILY = 1;
			};
			name = Debug;
		};
		88C648162A2EEFB4009B73AB /* Release */ = {
			isa = XCBuildConfiguration;
			buildSettings = {
				ASSETCATALOG_COMPILER_APPICON_NAME = AppIcon;
				ASSETCATALOG_COMPILER_GLOBAL_ACCENT_COLOR_NAME = AccentColor;
				CODE_SIGN_STYLE = Automatic;
				CURRENT_PROJECT_VERSION = 1;
				DEVELOPMENT_TEAM = K4NPPTUJ49;
				GENERATE_INFOPLIST_FILE = YES;
				INFOPLIST_FILE = ToDoList_Realm/App/Info.plist;
				INFOPLIST_KEY_UIApplicationSupportsIndirectInputEvents = YES;
				INFOPLIST_KEY_UILaunchStoryboardName = LaunchScreen;
				INFOPLIST_KEY_UIMainStoryboardFile = Main;
				INFOPLIST_KEY_UISupportedInterfaceOrientations = UIInterfaceOrientationPortrait;
				INFOPLIST_KEY_UISupportedInterfaceOrientations_iPad = "UIInterfaceOrientationLandscapeLeft UIInterfaceOrientationLandscapeRight UIInterfaceOrientationPortrait UIInterfaceOrientationPortraitUpsideDown";
				LD_RUNPATH_SEARCH_PATHS = (
					"$(inherited)",
					"@executable_path/Frameworks",
				);
				MARKETING_VERSION = 1.0;
				PRODUCT_BUNDLE_IDENTIFIER = "latushkin.as.ToDoList-Realm";
				PRODUCT_NAME = "$(TARGET_NAME)";
				SUPPORTED_PLATFORMS = "iphoneos iphonesimulator";
				SUPPORTS_MACCATALYST = NO;
				SUPPORTS_MAC_DESIGNED_FOR_IPHONE_IPAD = NO;
				SWIFT_EMIT_LOC_STRINGS = YES;
				SWIFT_VERSION = 5.0;
				TARGETED_DEVICE_FAMILY = 1;
			};
			name = Release;
		};
/* End XCBuildConfiguration section */

/* Begin XCConfigurationList section */
		88C647FB2A2EEFB3009B73AB /* Build configuration list for PBXProject "ToDoList_Realm" */ = {
			isa = XCConfigurationList;
			buildConfigurations = (
				88C648122A2EEFB4009B73AB /* Debug */,
				88C648132A2EEFB4009B73AB /* Release */,
			);
			defaultConfigurationIsVisible = 0;
			defaultConfigurationName = Release;
		};
		88C648142A2EEFB4009B73AB /* Build configuration list for PBXNativeTarget "ToDoList_Realm" */ = {
			isa = XCConfigurationList;
			buildConfigurations = (
				88C648152A2EEFB4009B73AB /* Debug */,
				88C648162A2EEFB4009B73AB /* Release */,
			);
			defaultConfigurationIsVisible = 0;
			defaultConfigurationName = Release;
		};
/* End XCConfigurationList section */
	};
	rootObject = 88C647F82A2EEFB3009B73AB /* Project object */;
}
